
Microsoft Visual Studio Solution File, Format Version 12.00
# Visual Studio Version 16
VisualStudioVersion = 16.0.30907.101
MinimumVisualStudioVersion = 10.0.40219.1
Project("{2150E333-8FDC-42A3-9474-1A3956D46DE8}") = "app", "app", "{D3EAC575-77CF-4F8D-9210-D8F39D5167D6}"
EndProject
Project("{2150E333-8FDC-42A3-9474-1A3956D46DE8}") = "src", "src", "{90A92367-5174-4C66-B051-C68AEF53340D}"
EndProject
Project("{2150E333-8FDC-42A3-9474-1A3956D46DE8}") = "test", "test", "{7EBAD48E-D2F5-4339-8AA2-5B9279C16AE3}"
EndProject
Project("{9A19103F-16F7-4668-BE54-9A1E7A4F7556}") = "TinyBank.Core", "src\TinyBank.Core\TinyBank.Core.csproj", "{55FD52EF-09B7-4297-973D-FCEDF710DEB9}"
EndProject
Project("{9A19103F-16F7-4668-BE54-9A1E7A4F7556}") = "TinyBank.Core.Tests", "test\TinyBank.Core.Tests\TinyBank.Core.Tests.csproj", "{43E46ED5-1E30-443C-ACAD-942544381514}"
EndProject
Project("{9A19103F-16F7-4668-BE54-9A1E7A4F7556}") = "TinyBank.Migrations", "app\TinyBank.Migrations\TinyBank.Migrations.csproj", "{78E9C56A-3327-4594-B2FD-F503133441BF}"
EndProject
Project("{9A19103F-16F7-4668-BE54-9A1E7A4F7556}") = "TinyBank.ConsoleApp", "app\TinyBank.ConsoleApp\TinyBank.ConsoleApp.csproj", "{8BA7705B-E218-43BD-BF14-9793DF4D2B94}"
EndProject
Project("{9A19103F-16F7-4668-BE54-9A1E7A4F7556}") = "TinyBank.API", "app\TinyBank.API\TinyBank.API.csproj", "{D06D2512-633C-4B4C-BC17-9D7D02D89615}"
EndProject
Project("{9A19103F-16F7-4668-BE54-9A1E7A4F7556}") = "TinyBank.Model", "src\TinyBank.Model\TinyBank.Model.csproj", "{FE68B71A-C482-4DC4-B2CD-754AF4CBF6F8}"
EndProject
Project("{9A19103F-16F7-4668-BE54-9A1E7A4F7556}") = "TinyBank.Data", "src\TinyBank.Data\TinyBank.Data.csproj", "{ADB570D5-504B-481D-8599-A090BAB7D649}"
EndProject
Project("{FAE04EC0-301F-11D3-BF4B-00C04F79EFBC}") = "TinyBank.Config", "src\TinyBank.Config\TinyBank.Config.csproj", "{23EF0B57-C8D5-42AE-8002-79FAF546B151}"
EndProject
Global
	GlobalSection(SolutionConfigurationPlatforms) = preSolution
		Debug|Any CPU = Debug|Any CPU
		Release|Any CPU = Release|Any CPU
	EndGlobalSection
	GlobalSection(ProjectConfigurationPlatforms) = postSolution
		{55FD52EF-09B7-4297-973D-FCEDF710DEB9}.Debug|Any CPU.ActiveCfg = Debug|Any CPU
		{55FD52EF-09B7-4297-973D-FCEDF710DEB9}.Debug|Any CPU.Build.0 = Debug|Any CPU
		{55FD52EF-09B7-4297-973D-FCEDF710DEB9}.Release|Any CPU.ActiveCfg = Release|Any CPU
		{55FD52EF-09B7-4297-973D-FCEDF710DEB9}.Release|Any CPU.Build.0 = Release|Any CPU
		{43E46ED5-1E30-443C-ACAD-942544381514}.Debug|Any CPU.ActiveCfg = Debug|Any CPU
		{43E46ED5-1E30-443C-ACAD-942544381514}.Debug|Any CPU.Build.0 = Debug|Any CPU
		{43E46ED5-1E30-443C-ACAD-942544381514}.Release|Any CPU.ActiveCfg = Release|Any CPU
		{43E46ED5-1E30-443C-ACAD-942544381514}.Release|Any CPU.Build.0 = Release|Any CPU
		{78E9C56A-3327-4594-B2FD-F503133441BF}.Debug|Any CPU.ActiveCfg = Debug|Any CPU
		{78E9C56A-3327-4594-B2FD-F503133441BF}.Debug|Any CPU.Build.0 = Debug|Any CPU
		{78E9C56A-3327-4594-B2FD-F503133441BF}.Release|Any CPU.ActiveCfg = Release|Any CPU
		{78E9C56A-3327-4594-B2FD-F503133441BF}.Release|Any CPU.Build.0 = Release|Any CPU
		{8BA7705B-E218-43BD-BF14-9793DF4D2B94}.Debug|Any CPU.ActiveCfg = Debug|Any CPU
		{8BA7705B-E218-43BD-BF14-9793DF4D2B94}.Debug|Any CPU.Build.0 = Debug|Any CPU
		{8BA7705B-E218-43BD-BF14-9793DF4D2B94}.Release|Any CPU.ActiveCfg = Release|Any CPU
		{8BA7705B-E218-43BD-BF14-9793DF4D2B94}.Release|Any CPU.Build.0 = Release|Any CPU
		{D06D2512-633C-4B4C-BC17-9D7D02D89615}.Debug|Any CPU.ActiveCfg = Debug|Any CPU
		{D06D2512-633C-4B4C-BC17-9D7D02D89615}.Debug|Any CPU.Build.0 = Debug|Any CPU
		{D06D2512-633C-4B4C-BC17-9D7D02D89615}.Release|Any CPU.ActiveCfg = Release|Any CPU
		{D06D2512-633C-4B4C-BC17-9D7D02D89615}.Release|Any CPU.Build.0 = Release|Any CPU
		{FE68B71A-C482-4DC4-B2CD-754AF4CBF6F8}.Debug|Any CPU.ActiveCfg = Debug|Any CPU
		{FE68B71A-C482-4DC4-B2CD-754AF4CBF6F8}.Debug|Any CPU.Build.0 = Debug|Any CPU
		{FE68B71A-C482-4DC4-B2CD-754AF4CBF6F8}.Release|Any CPU.ActiveCfg = Release|Any CPU
		{FE68B71A-C482-4DC4-B2CD-754AF4CBF6F8}.Release|Any CPU.Build.0 = Release|Any CPU
		{ADB570D5-504B-481D-8599-A090BAB7D649}.Debug|Any CPU.ActiveCfg = Debug|Any CPU
		{ADB570D5-504B-481D-8599-A090BAB7D649}.Debug|Any CPU.Build.0 = Debug|Any CPU
		{ADB570D5-504B-481D-8599-A090BAB7D649}.Release|Any CPU.ActiveCfg = Release|Any CPU
		{ADB570D5-504B-481D-8599-A090BAB7D649}.Release|Any CPU.Build.0 = Release|Any CPU
		{23EF0B57-C8D5-42AE-8002-79FAF546B151}.Debug|Any CPU.ActiveCfg = Debug|Any CPU
		{23EF0B57-C8D5-42AE-8002-79FAF546B151}.Debug|Any CPU.Build.0 = Debug|Any CPU
		{23EF0B57-C8D5-42AE-8002-79FAF546B151}.Release|Any CPU.ActiveCfg = Release|Any CPU
		{23EF0B57-C8D5-42AE-8002-79FAF546B151}.Release|Any CPU.Build.0 = Release|Any CPU
	EndGlobalSection
	GlobalSection(SolutionProperties) = preSolution
		HideSolutionNode = FALSE
	EndGlobalSection
	GlobalSection(NestedProjects) = preSolution
		{55FD52EF-09B7-4297-973D-FCEDF710DEB9} = {90A92367-5174-4C66-B051-C68AEF53340D}
		{43E46ED5-1E30-443C-ACAD-942544381514} = {7EBAD48E-D2F5-4339-8AA2-5B9279C16AE3}
		{78E9C56A-3327-4594-B2FD-F503133441BF} = {D3EAC575-77CF-4F8D-9210-D8F39D5167D6}
		{8BA7705B-E218-43BD-BF14-9793DF4D2B94} = {D3EAC575-77CF-4F8D-9210-D8F39D5167D6}
		{D06D2512-633C-4B4C-BC17-9D7D02D89615} = {D3EAC575-77CF-4F8D-9210-D8F39D5167D6}
		{FE68B71A-C482-4DC4-B2CD-754AF4CBF6F8} = {90A92367-5174-4C66-B051-C68AEF53340D}
		{ADB570D5-504B-481D-8599-A090BAB7D649} = {90A92367-5174-4C66-B051-C68AEF53340D}
		{23EF0B57-C8D5-42AE-8002-79FAF546B151} = {90A92367-5174-4C66-B051-C68AEF53340D}
	EndGlobalSection
	GlobalSection(ExtensibilityGlobals) = postSolution
		SolutionGuid = {E17FFF89-4D0B-4AFD-A06D-8BE450848E64}
	EndGlobalSection
EndGlobal
